
Microsoft Visual Studio Solution File, Format Version 12.00
# Visual Studio Version 16
VisualStudioVersion = 16.0.31410.357
MinimumVisualStudioVersion = 10.0.40219.1
Project("{FAE04EC0-301F-11D3-BF4B-00C04F79EFBC}") = "rwa_mvc", "rwa_mvc\rwa_mvc.csproj", "{D4417C26-E4D3-4FEB-8DE9-535D5CD1A73F}"
EndProject
Project("{FAE04EC0-301F-11D3-BF4B-00C04F79EFBC}") = "rwa_webforms", "rwa_webforms\rwa_webforms.csproj", "{16BE7791-F861-4C3C-A84A-B2C9683766F3}"
EndProject
Project("{FAE04EC0-301F-11D3-BF4B-00C04F79EFBC}") = "DALL", "DALL\DALL.csproj", "{F45DFC26-28E4-427C-9754-3D8C2F68A7E6}"
EndProject
Global
	GlobalSection(SolutionConfigurationPlatforms) = preSolution
		Debug|Any CPU = Debug|Any CPU
		Release|Any CPU = Release|Any CPU
	EndGlobalSection
	GlobalSection(ProjectConfigurationPlatforms) = postSolution
		{D4417C26-E4D3-4FEB-8DE9-535D5CD1A73F}.Debug|Any CPU.ActiveCfg = Debug|Any CPU
		{D4417C26-E4D3-4FEB-8DE9-535D5CD1A73F}.Debug|Any CPU.Build.0 = Debug|Any CPU
		{D4417C26-E4D3-4FEB-8DE9-535D5CD1A73F}.Release|Any CPU.ActiveCfg = Release|Any CPU
		{D4417C26-E4D3-4FEB-8DE9-535D5CD1A73F}.Release|Any CPU.Build.0 = Release|Any CPU
		{16BE7791-F861-4C3C-A84A-B2C9683766F3}.Debug|Any CPU.ActiveCfg = Debug|Any CPU
		{16BE7791-F861-4C3C-A84A-B2C9683766F3}.Debug|Any CPU.Build.0 = Debug|Any CPU
		{16BE7791-F861-4C3C-A84A-B2C9683766F3}.Release|Any CPU.ActiveCfg = Release|Any CPU
		{16BE7791-F861-4C3C-A84A-B2C9683766F3}.Release|Any CPU.Build.0 = Release|Any CPU
		{F45DFC26-28E4-427C-9754-3D8C2F68A7E6}.Debug|Any CPU.ActiveCfg = Debug|Any CPU
		{F45DFC26-28E4-427C-9754-3D8C2F68A7E6}.Debug|Any CPU.Build.0 = Debug|Any CPU
		{F45DFC26-28E4-427C-9754-3D8C2F68A7E6}.Release|Any CPU.ActiveCfg = Release|Any CPU
		{F45DFC26-28E4-427C-9754-3D8C2F68A7E6}.Release|Any CPU.Build.0 = Release|Any CPU
	EndGlobalSection
	GlobalSection(SolutionProperties) = preSolution
		HideSolutionNode = FALSE
	EndGlobalSection
	GlobalSection(ExtensibilityGlobals) = postSolution
		SolutionGuid = {1394BE6D-DC90-4E2B-9C5B-C1227F3797E4}
	EndGlobalSection
EndGlobal
